
Microsoft Visual Studio Solution File, Format Version 12.00
# Visual Studio Version 16
VisualStudioVersion = 16.0.32510.428
MinimumVisualStudioVersion = 10.0.40219.1
Project("{9A19103F-16F7-4668-BE54-9A1E7A4F7556}") = "MasterMind_Project_2", "MasterMind_Project_2.csproj", "{1C71D9B6-1980-4C8E-93EA-12A6B589F85E}"
EndProject
Global
	GlobalSection(SolutionConfigurationPlatforms) = preSolution
		Debug|Any CPU = Debug|Any CPU
		Release|Any CPU = Release|Any CPU
	EndGlobalSection
	GlobalSection(ProjectConfigurationPlatforms) = postSolution
		{1C71D9B6-1980-4C8E-93EA-12A6B589F85E}.Debug|Any CPU.ActiveCfg = Debug|Any CPU
		{1C71D9B6-1980-4C8E-93EA-12A6B589F85E}.Debug|Any CPU.Build.0 = Debug|Any CPU
		{1C71D9B6-1980-4C8E-93EA-12A6B589F85E}.Release|Any CPU.ActiveCfg = Release|Any CPU
		{1C71D9B6-1980-4C8E-93EA-12A6B589F85E}.Release|Any CPU.Build.0 = Release|Any CPU
	EndGlobalSection
	GlobalSection(SolutionProperties) = preSolution
		HideSolutionNode = FALSE
	EndGlobalSection
	GlobalSection(ExtensibilityGlobals) = postSolution
		SolutionGuid = {6D759A72-A621-476E-855C-6D52CDB7062E}
	EndGlobalSection
EndGlobal
